
Microsoft Visual Studio Solution File, Format Version 12.00
# Visual Studio Version 17
VisualStudioVersion = 17.8.34316.72
MinimumVisualStudioVersion = 10.0.40219.1
Project("{2150E333-8FDC-42A3-9474-1A3956D46DE8}") = "1.50_popular_coding_interview_problems", "1.50_popular_coding_interview_problems", "{8C8F2C81-835B-42DD-9A68-5EA8F428230E}"
EndProject
Project("{2150E333-8FDC-42A3-9474-1A3956D46DE8}") = "1.Find_pair_that_sums_up_to_k", "1.Find_pair_that_sums_up_to_k", "{0FE4C168-6D86-4267-8064-2D80A55EDDCB}"
EndProject
Project("{9A19103F-16F7-4668-BE54-9A1E7A4F7556}") = "Find_pair", "1.50_popular_coding_interview_problems\1.Find_pair_that_sums_up_to_k\Find_pair\Find_pair.csproj", "{BBB68EC7-F263-4501-8939-2DD9178DE9F2}"
EndProject
Project("{2150E333-8FDC-42A3-9474-1A3956D46DE8}") = "2.First_repeating_character", "2.First_repeating_character", "{B80EFD9F-96CE-4ADB-9D9A-A7EF43288072}"
EndProject
Project("{9A19103F-16F7-4668-BE54-9A1E7A4F7556}") = "First_repeating", "1.50_popular_coding_interview_problems\2.First_repeating_character\First_repeating\First_repeating.csproj", "{4F086E5F-A454-4DE3-8F20-9C24EC8658AB}"
EndProject
Project("{2150E333-8FDC-42A3-9474-1A3956D46DE8}") = "3.Remove_duplicates", "3.Remove_duplicates", "{88CAC1AF-CFD1-45DB-9471-37E98A8945C2}"
EndProject
Project("{9A19103F-16F7-4668-BE54-9A1E7A4F7556}") = "Remove_duplicates", "1.50_popular_coding_interview_problems\3.Remove_duplicates\Remove_duplicates\Remove_duplicates.csproj", "{6BF6FC43-88BD-4DAE-A537-59A9B768029D}"
EndProject
Project("{2150E333-8FDC-42A3-9474-1A3956D46DE8}") = "4.Find_the_duplicate", "4.Find_the_duplicate", "{E34EB130-BC12-46A0-BCBA-B9125E74AB2D}"
EndProject
Project("{9A19103F-16F7-4668-BE54-9A1E7A4F7556}") = "4.Find_the_duplicate", "1.50_popular_coding_interview_problems\4.Find_the_duplicate\4.Find_the_duplicate\4.Find_the_duplicate.csproj", "{673A2D8E-7490-4CF1-B6B6-236B74B2D8F6}"
EndProject
Project("{2150E333-8FDC-42A3-9474-1A3956D46DE8}") = "5.Tree_depth_first_search", "5.Tree_depth_first_search", "{879E679C-68AB-49E5-B8F0-E56A52CE7285}"
EndProject
Project("{9A19103F-16F7-4668-BE54-9A1E7A4F7556}") = "depth_first_search", "1.50_popular_coding_interview_problems\5.Tree_depth_first_search\depth_first_search\depth_first_search.csproj", "{DE776597-D790-4618-8BAB-C1FA3109D496}"
EndProject
Project("{2150E333-8FDC-42A3-9474-1A3956D46DE8}") = "6.Maximum_subarray", "6.Maximum_subarray", "{34BEA999-80D9-455B-A2E6-478B752B7FB4}"
EndProject
Project("{9A19103F-16F7-4668-BE54-9A1E7A4F7556}") = "Maximum_subarray", "1.50_popular_coding_interview_problems\6.Maximum_subarray\Maximum_subarray\Maximum_subarray.csproj", "{DB02D867-8265-4B65-B8D7-0A1D06C5C903}"
EndProject
Project("{2150E333-8FDC-42A3-9474-1A3956D46DE8}") = "7.Reverse_binary_tree", "7.Reverse_binary_tree", "{E60F3C4D-545B-4867-89CB-7AAFB7748FD8}"
EndProject
Project("{9A19103F-16F7-4668-BE54-9A1E7A4F7556}") = "Reverse_binary_tree", "1.50_popular_coding_interview_problems\7.Reverse_binary_tree\Reverse_binary_tree\Reverse_binary_tree.csproj", "{06059259-5DB2-4F3E-8D81-51C86FF0ADCB}"
EndProject
Project("{2150E333-8FDC-42A3-9474-1A3956D46DE8}") = "9.Reverse_linked_list", "9.Reverse_linked_list", "{BECAAB76-4337-4BF9-A64D-6A6384C00E1D}"
EndProject
Project("{9A19103F-16F7-4668-BE54-9A1E7A4F7556}") = "Reverse_linked_list", "1.50_popular_coding_interview_problems\9.Reverse_linked_list\Reverse_linked_list\Reverse_linked_list.csproj", "{DE72B831-ECCC-4BA9-B34C-998470395180}"
EndProject
Project("{2150E333-8FDC-42A3-9474-1A3956D46DE8}") = "10.Peak_finding", "10.Peak_finding", "{9C4B3518-D28E-426E-A069-11B6A7F91512}"
EndProject
Project("{9A19103F-16F7-4668-BE54-9A1E7A4F7556}") = "Peak_finding", "1.50_popular_coding_interview_problems\10.Peak_finding\Peak_finding\Peak_finding.csproj", "{20170BC6-5DFA-4520-A1CB-0E04669E33BD}"
EndProject
Project("{2150E333-8FDC-42A3-9474-1A3956D46DE8}") = "11.Palindrome_linked_list", "11.Palindrome_linked_list", "{FAFA78C7-E11B-4D3E-9CBB-661701F2170C}"
EndProject
Project("{FAE04EC0-301F-11D3-BF4B-00C04F79EFBC}") = "Palindrome_linked_list", "1.50_popular_coding_interview_problems\11.Palindrome_linked_list\Palindrome_linked_list\Palindrome_linked_list.csproj", "{79D57321-24F8-4F49-BC47-7DB61F6A707A}"
EndProject
Global
	GlobalSection(SolutionConfigurationPlatforms) = preSolution
		Debug|Any CPU = Debug|Any CPU
		Release|Any CPU = Release|Any CPU
	EndGlobalSection
	GlobalSection(ProjectConfigurationPlatforms) = postSolution
		{BBB68EC7-F263-4501-8939-2DD9178DE9F2}.Debug|Any CPU.ActiveCfg = Debug|Any CPU
		{BBB68EC7-F263-4501-8939-2DD9178DE9F2}.Debug|Any CPU.Build.0 = Debug|Any CPU
		{BBB68EC7-F263-4501-8939-2DD9178DE9F2}.Release|Any CPU.ActiveCfg = Release|Any CPU
		{BBB68EC7-F263-4501-8939-2DD9178DE9F2}.Release|Any CPU.Build.0 = Release|Any CPU
		{4F086E5F-A454-4DE3-8F20-9C24EC8658AB}.Debug|Any CPU.ActiveCfg = Debug|Any CPU
		{4F086E5F-A454-4DE3-8F20-9C24EC8658AB}.Debug|Any CPU.Build.0 = Debug|Any CPU
		{4F086E5F-A454-4DE3-8F20-9C24EC8658AB}.Release|Any CPU.ActiveCfg = Release|Any CPU
		{4F086E5F-A454-4DE3-8F20-9C24EC8658AB}.Release|Any CPU.Build.0 = Release|Any CPU
		{6BF6FC43-88BD-4DAE-A537-59A9B768029D}.Debug|Any CPU.ActiveCfg = Debug|Any CPU
		{6BF6FC43-88BD-4DAE-A537-59A9B768029D}.Debug|Any CPU.Build.0 = Debug|Any CPU
		{6BF6FC43-88BD-4DAE-A537-59A9B768029D}.Release|Any CPU.ActiveCfg = Release|Any CPU
		{6BF6FC43-88BD-4DAE-A537-59A9B768029D}.Release|Any CPU.Build.0 = Release|Any CPU
		{673A2D8E-7490-4CF1-B6B6-236B74B2D8F6}.Debug|Any CPU.ActiveCfg = Debug|Any CPU
		{673A2D8E-7490-4CF1-B6B6-236B74B2D8F6}.Debug|Any CPU.Build.0 = Debug|Any CPU
		{673A2D8E-7490-4CF1-B6B6-236B74B2D8F6}.Release|Any CPU.ActiveCfg = Release|Any CPU
		{673A2D8E-7490-4CF1-B6B6-236B74B2D8F6}.Release|Any CPU.Build.0 = Release|Any CPU
		{DE776597-D790-4618-8BAB-C1FA3109D496}.Debug|Any CPU.ActiveCfg = Debug|Any CPU
		{DE776597-D790-4618-8BAB-C1FA3109D496}.Debug|Any CPU.Build.0 = Debug|Any CPU
		{DE776597-D790-4618-8BAB-C1FA3109D496}.Release|Any CPU.ActiveCfg = Release|Any CPU
		{DE776597-D790-4618-8BAB-C1FA3109D496}.Release|Any CPU.Build.0 = Release|Any CPU
		{DB02D867-8265-4B65-B8D7-0A1D06C5C903}.Debug|Any CPU.ActiveCfg = Debug|Any CPU
		{DB02D867-8265-4B65-B8D7-0A1D06C5C903}.Debug|Any CPU.Build.0 = Debug|Any CPU
		{DB02D867-8265-4B65-B8D7-0A1D06C5C903}.Release|Any CPU.ActiveCfg = Release|Any CPU
		{DB02D867-8265-4B65-B8D7-0A1D06C5C903}.Release|Any CPU.Build.0 = Release|Any CPU
		{06059259-5DB2-4F3E-8D81-51C86FF0ADCB}.Debug|Any CPU.ActiveCfg = Debug|Any CPU
		{06059259-5DB2-4F3E-8D81-51C86FF0ADCB}.Debug|Any CPU.Build.0 = Debug|Any CPU
		{06059259-5DB2-4F3E-8D81-51C86FF0ADCB}.Release|Any CPU.ActiveCfg = Release|Any CPU
		{06059259-5DB2-4F3E-8D81-51C86FF0ADCB}.Release|Any CPU.Build.0 = Release|Any CPU
		{DE72B831-ECCC-4BA9-B34C-998470395180}.Debug|Any CPU.ActiveCfg = Debug|Any CPU
		{DE72B831-ECCC-4BA9-B34C-998470395180}.Debug|Any CPU.Build.0 = Debug|Any CPU
		{DE72B831-ECCC-4BA9-B34C-998470395180}.Release|Any CPU.ActiveCfg = Release|Any CPU
		{DE72B831-ECCC-4BA9-B34C-998470395180}.Release|Any CPU.Build.0 = Release|Any CPU
		{20170BC6-5DFA-4520-A1CB-0E04669E33BD}.Debug|Any CPU.ActiveCfg = Debug|Any CPU
		{20170BC6-5DFA-4520-A1CB-0E04669E33BD}.Debug|Any CPU.Build.0 = Debug|Any CPU
		{20170BC6-5DFA-4520-A1CB-0E04669E33BD}.Release|Any CPU.ActiveCfg = Release|Any CPU
		{20170BC6-5DFA-4520-A1CB-0E04669E33BD}.Release|Any CPU.Build.0 = Release|Any CPU
		{79D57321-24F8-4F49-BC47-7DB61F6A707A}.Debug|Any CPU.ActiveCfg = Debug|Any CPU
		{79D57321-24F8-4F49-BC47-7DB61F6A707A}.Debug|Any CPU.Build.0 = Debug|Any CPU
		{79D57321-24F8-4F49-BC47-7DB61F6A707A}.Release|Any CPU.ActiveCfg = Release|Any CPU
		{79D57321-24F8-4F49-BC47-7DB61F6A707A}.Release|Any CPU.Build.0 = Release|Any CPU
	EndGlobalSection
	GlobalSection(SolutionProperties) = preSolution
		HideSolutionNode = FALSE
	EndGlobalSection
	GlobalSection(NestedProjects) = preSolution
		{0FE4C168-6D86-4267-8064-2D80A55EDDCB} = {8C8F2C81-835B-42DD-9A68-5EA8F428230E}
		{BBB68EC7-F263-4501-8939-2DD9178DE9F2} = {0FE4C168-6D86-4267-8064-2D80A55EDDCB}
		{B80EFD9F-96CE-4ADB-9D9A-A7EF43288072} = {8C8F2C81-835B-42DD-9A68-5EA8F428230E}
		{4F086E5F-A454-4DE3-8F20-9C24EC8658AB} = {B80EFD9F-96CE-4ADB-9D9A-A7EF43288072}
		{88CAC1AF-CFD1-45DB-9471-37E98A8945C2} = {8C8F2C81-835B-42DD-9A68-5EA8F428230E}
		{6BF6FC43-88BD-4DAE-A537-59A9B768029D} = {88CAC1AF-CFD1-45DB-9471-37E98A8945C2}
		{E34EB130-BC12-46A0-BCBA-B9125E74AB2D} = {8C8F2C81-835B-42DD-9A68-5EA8F428230E}
		{673A2D8E-7490-4CF1-B6B6-236B74B2D8F6} = {E34EB130-BC12-46A0-BCBA-B9125E74AB2D}
		{879E679C-68AB-49E5-B8F0-E56A52CE7285} = {8C8F2C81-835B-42DD-9A68-5EA8F428230E}
		{DE776597-D790-4618-8BAB-C1FA3109D496} = {879E679C-68AB-49E5-B8F0-E56A52CE7285}
		{34BEA999-80D9-455B-A2E6-478B752B7FB4} = {8C8F2C81-835B-42DD-9A68-5EA8F428230E}
		{DB02D867-8265-4B65-B8D7-0A1D06C5C903} = {34BEA999-80D9-455B-A2E6-478B752B7FB4}
		{E60F3C4D-545B-4867-89CB-7AAFB7748FD8} = {8C8F2C81-835B-42DD-9A68-5EA8F428230E}
		{06059259-5DB2-4F3E-8D81-51C86FF0ADCB} = {E60F3C4D-545B-4867-89CB-7AAFB7748FD8}
		{BECAAB76-4337-4BF9-A64D-6A6384C00E1D} = {8C8F2C81-835B-42DD-9A68-5EA8F428230E}
		{DE72B831-ECCC-4BA9-B34C-998470395180} = {BECAAB76-4337-4BF9-A64D-6A6384C00E1D}
		{9C4B3518-D28E-426E-A069-11B6A7F91512} = {8C8F2C81-835B-42DD-9A68-5EA8F428230E}
		{20170BC6-5DFA-4520-A1CB-0E04669E33BD} = {9C4B3518-D28E-426E-A069-11B6A7F91512}
		{FAFA78C7-E11B-4D3E-9CBB-661701F2170C} = {8C8F2C81-835B-42DD-9A68-5EA8F428230E}
		{79D57321-24F8-4F49-BC47-7DB61F6A707A} = {FAFA78C7-E11B-4D3E-9CBB-661701F2170C}
	EndGlobalSection
	GlobalSection(ExtensibilityGlobals) = postSolution
		SolutionGuid = {88F736EC-BF16-411F-BF24-85303FE5BE65}
	EndGlobalSection
EndGlobal
